# THIS IS AN AUTOGENERATED FILE. DO NOT EDIT THIS FILE DIRECTLY.
# yarn lockfile v1
babel-plugin-syntax-flow@^6.8.0:
  version "6.13.0"
  resolved "https://registry.yarnpkg.com/babel-plugin-syntax-flow/-/babel-plugin-syntax-flow-6.13.0.tgz#9af0cd396087bf7677053e1afa52f206c0416f17"

babel-plugin-transform-flow-strip-types:
  version "6.14.0"
  resolved "https://registry.yarnpkg.com/babel-plugin-transform-flow-strip-types/-/babel-plugin-transform-flow-strip-types-6.14.0.tgz#35ceb03f8770934044bab1a76f7e4ee0aa9220f9"
  dependencies:
    babel-plugin-syntax-flow "^6.8.0"
    babel-runtime "^6.0.0"

babel-runtime@^6.0.0:
  version "6.11.6"
  resolved "https://registry.yarnpkg.com/babel-runtime/-/babel-runtime-6.11.6.tgz#6db707fef2d49c49bfa3cb64efdb436b518b8222"
  dependencies:
    core-js "^2.4.0"
    regenerator-runtime "^0.9.5"

core-js@^2.4.0:
  version "2.4.1"
  resolved "https://registry.yarnpkg.com/core-js/-/core-js-2.4.1.tgz#4de911e667b0eae9124e34254b53aea6fc618d3e"

flow-bin:
  version "0.33.0"
  resolved "https://registry.yarnpkg.com/flow-bin/-/flow-bin-0.33.0.tgz#ef011eace7a6100f1ae08b852db78279032b8750"

regenerator-runtime@^0.9.5:
  version "0.9.5"
  resolved "https://registry.yarnpkg.com/regenerator-runtime/-/regenerator-runtime-0.9.5.tgz#403d6d40a4bdff9c330dd9392dcbb2d9a8bba1fc"

